Microsoft Visual Studio Solution File, Format Version 7.00
Project("{8BC9CEB8-8B4A-11D0-8D11-00A0C91BC942}") = "RvcViewer", "RvcViewer.vcproj", "{EC95567F-DE81-424A-BF4E-26E32C8CC0E4}"
EndProject
Global
	GlobalSection(SolutionConfiguration) = preSolution
		ConfigName.0 = Debug
		ConfigName.1 = Release
	EndGlobalSection
	GlobalSection(ProjectDependencies) = postSolution
	EndGlobalSection
	GlobalSection(ProjectConfiguration) = postSolution
		{EC95567F-DE81-424A-BF4E-26E32C8CC0E4}.Debug.ActiveCfg = Debug|Win32
		{EC95567F-DE81-424A-BF4E-26E32C8CC0E4}.Debug.Build.0 = Debug|Win32
		{EC95567F-DE81-424A-BF4E-26E32C8CC0E4}.Release.ActiveCfg = Release|Win32
		{EC95567F-DE81-424A-BF4E-26E32C8CC0E4}.Release.Build.0 = Release|Win32
	EndGlobalSection
	GlobalSection(ExtensibilityGlobals) = postSolution
	EndGlobalSection
	GlobalSection(ExtensibilityAddIns) = postSolution
	EndGlobalSection
EndGlobal
