Microsoft Visual Studio Solution File, Format Version 7.00
Project("{8BC9CEB8-8B4A-11D0-8D11-00A0C91BC942}") = "MultiScreen", "MultiScreen.vcproj", "{FB68916F-34FF-4E8F-9F8E-6D395C458096}"
EndProject
Global
	GlobalSection(SolutionConfiguration) = preSolution
		ConfigName.0 = Debug
		ConfigName.1 = Release
	EndGlobalSection
	GlobalSection(ProjectDependencies) = postSolution
	EndGlobalSection
	GlobalSection(ProjectConfiguration) = postSolution
		{FB68916F-34FF-4E8F-9F8E-6D395C458096}.Debug.ActiveCfg = Debug|Win32
		{FB68916F-34FF-4E8F-9F8E-6D395C458096}.Debug.Build.0 = Debug|Win32
		{FB68916F-34FF-4E8F-9F8E-6D395C458096}.Release.ActiveCfg = Release|Win32
		{FB68916F-34FF-4E8F-9F8E-6D395C458096}.Release.Build.0 = Release|Win32
	EndGlobalSection
	GlobalSection(ExtensibilityGlobals) = postSolution
	EndGlobalSection
	GlobalSection(ExtensibilityAddIns) = postSolution
	EndGlobalSection
EndGlobal
